{
  "pins" : [
    {
      "identity" : "cartography",
      "kind" : "remoteSourceControl",
      "location" : "https://github.com/robb/Cartography",
      "state" : {
        "revision" : "b75197ea134f42b5feafb04b526b37eb1a41034b",
        "version" : "4.0.0"
      }
    },
    {
      "identity" : "keychain-swift",
      "kind" : "remoteSourceControl",
      "location" : "https://github.com/evgenyneu/keychain-swift",
      "state" : {
        "revision" : "d108a1fa6189e661f91560548ef48651ed8d93b9",
        "version" : "20.0.0"
      }
    },
    {
      "identity" : "kingfisher",
      "kind" : "remoteSourceControl",
      "location" : "https://github.com/onevcat/Kingfisher",
      "state" : {
        "revision" : "44e891bdb61426a95e31492a67c7c0dfad1f87c5",
        "version" : "7.4.1"
      }
    },
    {
      "identity" : "reactiveview",
      "kind" : "remoteSourceControl",
      "location" : "https://github.com/lyptt/ReactiveView",
      "state" : {
        "revision" : "7bae3e0f93cf5ffc52bcbfa7336709e1b1f60730",
        "version" : "0.1.0"
      }
    },
    {
      "identity" : "swinject",
      "kind" : "remoteSourceControl",
      "location" : "https://github.com/Swinject/Swinject",
      "state" : {
        "revision" : "8bc503e60965298984fb58cf47b71c541449fe2a",
        "version" : "2.8.3"
      }
    }
  ],
  "version" : 2
}
